
Microsoft Visual Studio Solution File, Format Version 12.00
# Visual Studio Version 17
VisualStudioVersion = 17.10.35013.160
MinimumVisualStudioVersion = 10.0.40219.1
Project("{FAE04EC0-301F-11D3-BF4B-00C04F79EFBC}") = "ExamenPOO2.API", "ExamenPOO2.API\ExamenPOO2.API.csproj", "{996BB6D8-DEC7-48BA-90D8-68D4769D06EF}"
EndProject
Global
	GlobalSection(SolutionConfigurationPlatforms) = preSolution
		Debug|Any CPU = Debug|Any CPU
		Release|Any CPU = Release|Any CPU
	EndGlobalSection
	GlobalSection(ProjectConfigurationPlatforms) = postSolution
		{996BB6D8-DEC7-48BA-90D8-68D4769D06EF}.Debug|Any CPU.ActiveCfg = Debug|Any CPU
		{996BB6D8-DEC7-48BA-90D8-68D4769D06EF}.Debug|Any CPU.Build.0 = Debug|Any CPU
		{996BB6D8-DEC7-48BA-90D8-68D4769D06EF}.Release|Any CPU.ActiveCfg = Release|Any CPU
		{996BB6D8-DEC7-48BA-90D8-68D4769D06EF}.Release|Any CPU.Build.0 = Release|Any CPU
	EndGlobalSection
	GlobalSection(SolutionProperties) = preSolution
		HideSolutionNode = FALSE
	EndGlobalSection
	GlobalSection(ExtensibilityGlobals) = postSolution
		SolutionGuid = {6A749014-3874-4FCA-8E24-2F32EA71FA32}
	EndGlobalSection
EndGlobal
